
Microsoft Visual Studio Solution File, Format Version 12.00
# Visual Studio Version 16
VisualStudioVersion = 16.0.30804.86
MinimumVisualStudioVersion = 10.0.40219.1
Project("{9A19103F-16F7-4668-BE54-9A1E7A4F7556}") = "PandasNet", "PandasNet\PandasNet.csproj", "{BAF17795-2257-49A8-9DAB-B41F6E939BAD}"
EndProject
Project("{9A19103F-16F7-4668-BE54-9A1E7A4F7556}") = "LibForTests", "LibForTests\LibForTests.csproj", "{93AE8724-3F0A-45E1-B52B-9259A3922A56}"
EndProject
Global
	GlobalSection(SolutionConfigurationPlatforms) = preSolution
		Debug|Any CPU = Debug|Any CPU
		Release|Any CPU = Release|Any CPU
	EndGlobalSection
	GlobalSection(ProjectConfigurationPlatforms) = postSolution
		{BAF17795-2257-49A8-9DAB-B41F6E939BAD}.Debug|Any CPU.ActiveCfg = Debug|Any CPU
		{BAF17795-2257-49A8-9DAB-B41F6E939BAD}.Debug|Any CPU.Build.0 = Debug|Any CPU
		{BAF17795-2257-49A8-9DAB-B41F6E939BAD}.Release|Any CPU.ActiveCfg = Release|Any CPU
		{BAF17795-2257-49A8-9DAB-B41F6E939BAD}.Release|Any CPU.Build.0 = Release|Any CPU
		{93AE8724-3F0A-45E1-B52B-9259A3922A56}.Debug|Any CPU.ActiveCfg = Debug|Any CPU
		{93AE8724-3F0A-45E1-B52B-9259A3922A56}.Debug|Any CPU.Build.0 = Debug|Any CPU
		{93AE8724-3F0A-45E1-B52B-9259A3922A56}.Release|Any CPU.ActiveCfg = Release|Any CPU
		{93AE8724-3F0A-45E1-B52B-9259A3922A56}.Release|Any CPU.Build.0 = Release|Any CPU
	EndGlobalSection
	GlobalSection(SolutionProperties) = preSolution
		HideSolutionNode = FALSE
	EndGlobalSection
	GlobalSection(ExtensibilityGlobals) = postSolution
		SolutionGuid = {D43DD8D6-3BE9-4345-A30F-751A6D9B1404}
	EndGlobalSection
EndGlobal
